{
  "name": "cfg-test",
  "version": "0.0.0",
  "lockfileVersion": 3,
  "requires": true,
  "packages": {
    "": {
      "name": "cfg-test",
      "version": "0.0.0",
      "license": "MIT",
      "devDependencies": {
        "@tsconfig/node18": "~18.2.2",
        "@tsconfig/strictest": "~2.0.3",
        "@types/node": "~20.14.0",
        "dprint": "~0.46.1",
        "esbuild": "~0.21.1",
        "esbuild-plugin-replace": "^1.4.0",
        "typescript": "~5.5.2"
      },
      "engines": {
        "node": ">=18.19.0"
      }
    },
    "node_modules/@dprint/linux-x64-glibc": {
      "version": "0.46.3",
      "resolved": "https://registry.npmjs.org/@dprint/linux-x64-glibc/-/linux-x64-glibc-0.46.3.tgz",
      "integrity": "sha512-c5cQ3G1rC64nBZ8Pd2LGWwzkEk4D7Ax9NrBbwYmNPvs6mFbGlJPC1+RD95x2WwIrIlMIciLG+Kxmt25PzBphmg==",
      "cpu": [
        "x64"
      ],
      "dev": true,
      "optional": true,
      "os": [
        "linux"
      ]
    },
    "node_modules/@dprint/linux-x64-musl": {
      "version": "0.46.3",
      "resolved": "https://registry.npmjs.org/@dprint/linux-x64-musl/-/linux-x64-musl-0.46.3.tgz",
      "integrity": "sha512-ONtk2QtLcV0TqWOCOqzUFQixgk3JC+vnJLB5L6tQwT7BX5LzeircfE/1f4dg459iqejNC9MBXZkHnXqabvWSow==",
      "cpu": [
        "x64"
      ],
      "dev": true,
      "optional": true,
      "os": [
        "linux"
      ]
    },
    "node_modules/@esbuild/linux-x64": {
      "version": "0.21.5",
      "resolved": "https://registry.npmjs.org/@esbuild/linux-x64/-/linux-x64-0.21.5.tgz",
      "integrity": "sha512-1rYdTpyv03iycF1+BhzrzQJCdOuAOtaqHTWJZCWvijKD2N5Xu0TtVC8/+1faWqcP9iBCWOmjmhoH94dH82BxPQ==",
      "cpu": [
        "x64"
      ],
      "dev": true,
      "optional": true,
      "os": [
        "linux"
      ],
      "engines": {
        "node": ">=12"
      }
    },
    "node_modules/@tsconfig/node18": {
      "version": "18.2.4",
      "resolved": "https://registry.npmjs.org/@tsconfig/node18/-/node18-18.2.4.tgz",
      "integrity": "sha512-5xxU8vVs9/FNcvm3gE07fPbn9tl6tqGGWA9tSlwsUEkBxtRnTsNmwrV8gasZ9F/EobaSv9+nu8AxUKccw77JpQ==",
      "dev": true
    },
    "node_modules/@tsconfig/strictest": {
      "version": "2.0.5",
      "resolved": "https://registry.npmjs.org/@tsconfig/strictest/-/strictest-2.0.5.tgz",
      "integrity": "sha512-ec4tjL2Rr0pkZ5hww65c+EEPYwxOi4Ryv+0MtjeaSQRJyq322Q27eOQiFbuNgw2hpL4hB1/W/HBGk3VKS43osg==",
      "dev": true
    },
    "node_modules/@types/node": {
      "version": "20.14.9",
      "resolved": "https://registry.npmjs.org/@types/node/-/node-20.14.9.tgz",
      "integrity": "sha512-06OCtnTXtWOZBJlRApleWndH4JsRVs1pDCc8dLSQp+7PpUpX3ePdHyeNSFTeSe7FtKyQkrlPvHwJOW3SLd8Oyg==",
      "dev": true,
      "dependencies": {
        "undici-types": "~5.26.4"
      }
    },
    "node_modules/dprint": {
      "version": "0.46.3",
      "resolved": "https://registry.npmjs.org/dprint/-/dprint-0.46.3.tgz",
      "integrity": "sha512-ACEd7B7sO/uvPvV/nsHbtkIeMqeD2a8XGO1DokROtKDUmI5WbuflGZOwyjFCYwy4rkX6FXoYBzGdEQ6um7BjCA==",
      "dev": true,
      "hasInstallScript": true,
      "bin": {
        "dprint": "bin.js"
      },
      "optionalDependencies": {
        "@dprint/darwin-arm64": "0.46.3",
        "@dprint/darwin-x64": "0.46.3",
        "@dprint/linux-arm64-glibc": "0.46.3",
        "@dprint/linux-arm64-musl": "0.46.3",
        "@dprint/linux-x64-glibc": "0.46.3",
        "@dprint/linux-x64-musl": "0.46.3",
        "@dprint/win32-x64": "0.46.3"
      }
    },
    "node_modules/esbuild": {
      "version": "0.21.5",
      "resolved": "https://registry.npmjs.org/esbuild/-/esbuild-0.21.5.tgz",
      "integrity": "sha512-mg3OPMV4hXywwpoDxu3Qda5xCKQi+vCTZq8S9J/EpkhB2HzKXq4SNFZE3+NK93JYxc8VMSep+lOUSC/RVKaBqw==",
      "dev": true,
      "hasInstallScript": true,
      "bin": {
        "esbuild": "bin/esbuild"
      },
      "engines": {
        "node": ">=12"
      },
      "optionalDependencies": {
        "@esbuild/aix-ppc64": "0.21.5",
        "@esbuild/android-arm": "0.21.5",
        "@esbuild/android-arm64": "0.21.5",
        "@esbuild/android-x64": "0.21.5",
        "@esbuild/darwin-arm64": "0.21.5",
        "@esbuild/darwin-x64": "0.21.5",
        "@esbuild/freebsd-arm64": "0.21.5",
        "@esbuild/freebsd-x64": "0.21.5",
        "@esbuild/linux-arm": "0.21.5",
        "@esbuild/linux-arm64": "0.21.5",
        "@esbuild/linux-ia32": "0.21.5",
        "@esbuild/linux-loong64": "0.21.5",
        "@esbuild/linux-mips64el": "0.21.5",
        "@esbuild/linux-ppc64": "0.21.5",
        "@esbuild/linux-riscv64": "0.21.5",
        "@esbuild/linux-s390x": "0.21.5",
        "@esbuild/linux-x64": "0.21.5",
        "@esbuild/netbsd-x64": "0.21.5",
        "@esbuild/openbsd-x64": "0.21.5",
        "@esbuild/sunos-x64": "0.21.5",
        "@esbuild/win32-arm64": "0.21.5",
        "@esbuild/win32-ia32": "0.21.5",
        "@esbuild/win32-x64": "0.21.5"
      }
    },
    "node_modules/esbuild-plugin-replace": {
      "version": "1.4.0",
      "resolved": "https://registry.npmjs.org/esbuild-plugin-replace/-/esbuild-plugin-replace-1.4.0.tgz",
      "integrity": "sha512-lP3ZAyzyRa5JXoOd59lJbRKNObtK8pJ/RO7o6vdjwLi71GfbL32NR22ZuS7/cLZkr10/L1lutoLma8E4DLngYg==",
      "dev": true,
      "dependencies": {
        "magic-string": "^0.25.7"
      }
    },
    "node_modules/magic-string": {
      "version": "0.25.9",
      "resolved": "https://registry.npmjs.org/magic-string/-/magic-string-0.25.9.tgz",
      "integrity": "sha512-RmF0AsMzgt25qzqqLc1+MbHmhdx0ojF2Fvs4XnOqz2ZOBXzzkEwc/dJQZCYHAn7v1jbVOjAZfK8msRn4BxO4VQ==",
      "dev": true,
      "dependencies": {
        "sourcemap-codec": "^1.4.8"
      }
    },
    "node_modules/sourcemap-codec": {
      "version": "1.4.8",
      "resolved": "https://registry.npmjs.org/sourcemap-codec/-/sourcemap-codec-1.4.8.tgz",
      "integrity": "sha512-9NykojV5Uih4lgo5So5dtw+f0JgJX30KCNI8gwhz2J9A15wD0Ml6tjHKwf6fTSa6fAdVBdZeNOs9eJ71qCk8vA==",
      "deprecated": "Please use @jridgewell/sourcemap-codec instead",
      "dev": true
    },
    "node_modules/typescript": {
      "version": "5.5.3",
      "resolved": "https://registry.npmjs.org/typescript/-/typescript-5.5.3.tgz",
      "integrity": "sha512-/hreyEujaB0w76zKo6717l3L0o/qEUtRgdvUBvlkhoWeOVMjMuHNHk0BRBzikzuGDqNmPQbg5ifMEqsHLiIUcQ==",
      "dev": true,
      "bin": {
        "tsc": "bin/tsc",
        "tsserver": "bin/tsserver"
      },
      "engines": {
        "node": ">=14.17"
      }
    },
    "node_modules/undici-types": {
      "version": "5.26.5",
      "resolved": "https://registry.npmjs.org/undici-types/-/undici-types-5.26.5.tgz",
      "integrity": "sha512-JlCMO+ehdEIKqlFxk6IfVoAUVmgz7cU7zD/h9XZ0qzeosSHmUJVOzSQvvYSYWXkFXC+IfLKSIffhv0sVZup6pA==",
      "dev": true
    }
  }
}
